// !$*UTF8*$!
{
	archiveVersion = 1;
	classes = {
	};
	objectVersion = 46;
	objects = {

/* Begin PBXBuildFile section */
		981901771CC0EBA1001CC215 /* YGLoopViewCell.m in Sources */ = {isa = PBXBuildFile; fileRef = 981901761CC0EBA1001CC215 /* YGLoopViewCell.m */; settings = {ASSET_TAGS = (); }; };
		983FB43C1CBE7CE500EEE75A /* News.storyboard in Resources */ = {isa = PBXBuildFile; fileRef = 983FB4361CBE7CE500EEE75A /* News.storyboard */; settings = {ASSET_TAGS = (); }; };
		983FB43D1CBE7CE500EEE75A /* YGNewsViewController.m in Sources */ = {isa = PBXBuildFile; fileRef = 983FB4381CBE7CE500EEE75A /* YGNewsViewController.m */; settings = {ASSET_TAGS = (); }; };
		983FB4401CBE7F8200EEE75A /* YGNetworkTools.m in Sources */ = {isa = PBXBuildFile; fileRef = 983FB43F1CBE7F8200EEE75A /* YGNetworkTools.m */; settings = {ASSET_TAGS = (); }; };
		985158A01CBF9B5D0092BE84 /* YGHeadLine.m in Sources */ = {isa = PBXBuildFile; fileRef = 9851589E1CBF9B5D0092BE84 /* YGHeadLine.m */; settings = {ASSET_TAGS = (); }; };
		985158B11CBFC61C0092BE84 /* NSObject+Log.m in Sources */ = {isa = PBXBuildFile; fileRef = 985158B01CBFC61C0092BE84 /* NSObject+Log.m */; settings = {ASSET_TAGS = (); }; };
		985158BA1CBFD16B0092BE84 /* LoopView.storyboard in Resources */ = {isa = PBXBuildFile; fileRef = 985158B71CBFD16B0092BE84 /* LoopView.storyboard */; settings = {ASSET_TAGS = (); }; };
		985158BB1CBFD16B0092BE84 /* YGHeadLineViewController.m in Sources */ = {isa = PBXBuildFile; fileRef = 985158B91CBFD16B0092BE84 /* YGHeadLineViewController.m */; settings = {ASSET_TAGS = (); }; };
		985158BE1CBFD2480092BE84 /* YGLoopView.m in Sources */ = {isa = PBXBuildFile; fileRef = 985158BD1CBFD2480092BE84 /* YGLoopView.m */; settings = {ASSET_TAGS = (); }; };
		985158C11CBFDBCD0092BE84 /* YGFlowLayout.m in Sources */ = {isa = PBXBuildFile; fileRef = 985158C01CBFDBCD0092BE84 /* YGFlowLayout.m */; settings = {ASSET_TAGS = (); }; };
		987AB9A11CBD292800FA87AF /* main.m in Sources */ = {isa = PBXBuildFile; fileRef = 987AB9A01CBD292800FA87AF /* main.m */; };
		987AB9A41CBD292800FA87AF /* AppDelegate.m in Sources */ = {isa = PBXBuildFile; fileRef = 987AB9A31CBD292800FA87AF /* AppDelegate.m */; };
		987AB9AC1CBD292800FA87AF /* Assets.xcassets in Resources */ = {isa = PBXBuildFile; fileRef = 987AB9AB1CBD292800FA87AF /* Assets.xcassets */; };
		987AB9AF1CBD292800FA87AF /* LaunchScreen.storyboard in Resources */ = {isa = PBXBuildFile; fileRef = 987AB9AD1CBD292800FA87AF /* LaunchScreen.storyboard */; };
		DF9816D1261DF75B02131416 /* libPods.a in Frameworks */ = {isa = PBXBuildFile; fileRef = B18A88E9899F8392047A270B /* libPods.a */; };
/* End PBXBuildFile section */

/* Begin PBXFileReference section */
		50B402B96FC5385531D4B87B /* Pods.release.xcconfig */ = {isa = PBXFileReference; includeInIndex = 1; lastKnownFileType = text.xcconfig; name = Pods.release.xcconfig; path = "Pods/Target Support Files/Pods/Pods.release.xcconfig"; sourceTree = "<group>"; };
		6A9AAD44955D9CD4CB169707 /* Pods.debug.xcconfig */ = {isa = PBXFileReference; includeInIndex = 1; lastKnownFileType = text.xcconfig; name = Pods.debug.xcconfig; path = "Pods/Target Support Files/Pods/Pods.debug.xcconfig"; sourceTree = "<group>"; };
		981901751CC0EBA1001CC215 /* YGLoopViewCell.h */ = {isa = PBXFileReference; fileEncoding = 4; lastKnownFileType = sourcecode.c.h; path = YGLoopViewCell.h; sourceTree = "<group>"; };
		981901761CC0EBA1001CC215 /* YGLoopViewCell.m */ = {isa = PBXFileReference; fileEncoding = 4; lastKnownFileType = sourcecode.c.objc; path = YGLoopViewCell.m; sourceTree = "<group>"; };
		983FB4361CBE7CE500EEE75A /* News.storyboard */ = {isa = PBXFileReference; fileEncoding = 4; lastKnownFileType = file.storyboard; path = News.storyboard; sourceTree = "<group>"; };
		983FB4371CBE7CE500EEE75A /* YGNewsViewController.h */ = {isa = PBXFileReference; fileEncoding = 4; lastKnownFileType = sourcecode.c.h; path = YGNewsViewController.h; sourceTree = "<group>"; };
		983FB4381CBE7CE500EEE75A /* YGNewsViewController.m */ = {isa = PBXFileReference; fileEncoding = 4; lastKnownFileType = sourcecode.c.objc; path = YGNewsViewController.m; sourceTree = "<group>"; };
		983FB43E1CBE7F8200EEE75A /* YGNetworkTools.h */ = {isa = PBXFileReference; fileEncoding = 4; lastKnownFileType = sourcecode.c.h; path = YGNetworkTools.h; sourceTree = "<group>"; };
		983FB43F1CBE7F8200EEE75A /* YGNetworkTools.m */ = {isa = PBXFileReference; fileEncoding = 4; lastKnownFileType = sourcecode.c.objc; path = YGNetworkTools.m; sourceTree = "<group>"; };
		9851589D1CBF9B5D0092BE84 /* YGHeadLine.h */ = {isa = PBXFileReference; fileEncoding = 4; lastKnownFileType = sourcecode.c.h; path = YGHeadLine.h; sourceTree = "<group>"; };
		9851589E1CBF9B5D0092BE84 /* YGHeadLine.m */ = {isa = PBXFileReference; fileEncoding = 4; lastKnownFileType = sourcecode.c.objc; path = YGHeadLine.m; sourceTree = "<group>"; };
		985158AF1CBFC61C0092BE84 /* NSObject+Log.h */ = {isa = PBXFileReference; fileEncoding = 4; lastKnownFileType = sourcecode.c.h; path = "NSObject+Log.h"; sourceTree = "<group>"; };
		985158B01CBFC61C0092BE84 /* NSObject+Log.m */ = {isa = PBXFileReference; fileEncoding = 4; lastKnownFileType = sourcecode.c.objc; path = "NSObject+Log.m"; sourceTree = "<group>"; };
		985158B71CBFD16B0092BE84 /* LoopView.storyboard */ = {isa = PBXFileReference; fileEncoding = 4; lastKnownFileType = file.storyboard; path = LoopView.storyboard; sourceTree = "<group>"; };
		985158B81CBFD16B0092BE84 /* YGHeadLineViewController.h */ = {isa = PBXFileReference; fileEncoding = 4; lastKnownFileType = sourcecode.c.h; path = YGHeadLineViewController.h; sourceTree = "<group>"; };
		985158B91CBFD16B0092BE84 /* YGHeadLineViewController.m */ = {isa = PBXFileReference; fileEncoding = 4; lastKnownFileType = sourcecode.c.objc; path = YGHeadLineViewController.m; sourceTree = "<group>"; };
		985158BC1CBFD2480092BE84 /* YGLoopView.h */ = {isa = PBXFileReference; fileEncoding = 4; lastKnownFileType = sourcecode.c.h; path = YGLoopView.h; sourceTree = "<group>"; };
		985158BD1CBFD2480092BE84 /* YGLoopView.m */ = {isa = PBXFileReference; fileEncoding = 4; lastKnownFileType = sourcecode.c.objc; path = YGLoopView.m; sourceTree = "<group>"; };
		985158BF1CBFDBCD0092BE84 /* YGFlowLayout.h */ = {isa = PBXFileReference; fileEncoding = 4; lastKnownFileType = sourcecode.c.h; path = YGFlowLayout.h; sourceTree = "<group>"; };
		985158C01CBFDBCD0092BE84 /* YGFlowLayout.m */ = {isa = PBXFileReference; fileEncoding = 4; lastKnownFileType = sourcecode.c.objc; path = YGFlowLayout.m; sourceTree = "<group>"; };
		987AB99C1CBD292800FA87AF /* 网易新闻.app */ = {isa = PBXFileReference; explicitFileType = wrapper.application; includeInIndex = 0; path = "网易新闻.app"; sourceTree = BUILT_PRODUCTS_DIR; };
		987AB9A01CBD292800FA87AF /* main.m */ = {isa = PBXFileReference; lastKnownFileType = sourcecode.c.objc; path = main.m; sourceTree = "<group>"; };
		987AB9A21CBD292800FA87AF /* AppDelegate.h */ = {isa = PBXFileReference; lastKnownFileType = sourcecode.c.h; path = AppDelegate.h; sourceTree = "<group>"; };
		987AB9A31CBD292800FA87AF /* AppDelegate.m */ = {isa = PBXFileReference; lastKnownFileType = sourcecode.c.objc; path = AppDelegate.m; sourceTree = "<group>"; };
		987AB9AB1CBD292800FA87AF /* Assets.xcassets */ = {isa = PBXFileReference; lastKnownFileType = folder.assetcatalog; path = Assets.xcassets; sourceTree = "<group>"; };
		987AB9AE1CBD292800FA87AF /* Base */ = {isa = PBXFileReference; lastKnownFileType = file.storyboard; name = Base; path = Base.lproj/LaunchScreen.storyboard; sourceTree = "<group>"; };
		987AB9B01CBD292800FA87AF /* Info.plist */ = {isa = PBXFileReference; lastKnownFileType = text.plist.xml; path = Info.plist; sourceTree = "<group>"; };
		B18A88E9899F8392047A270B /* libPods.a */ = {isa = PBXFileReference; explicitFileType = archive.ar; includeInIndex = 0; path = libPods.a; sourceTree = BUILT_PRODUCTS_DIR; };
/* End PBXFileReference section */

/* Begin PBXFrameworksBuildPhase section */
		987AB9991CBD292800FA87AF /* Frameworks */ = {
			isa = PBXFrameworksBuildPhase;
			buildActionMask = 2147483647;
			files = (
				DF9816D1261DF75B02131416 /* libPods.a in Frameworks */,
			);
			runOnlyForDeploymentPostprocessing = 0;
		};
/* End PBXFrameworksBuildPhase section */

/* Begin PBXGroup section */
		34CE2859CC989E136D49F2BF /* Frameworks */ = {
			isa = PBXGroup;
			children = (
				B18A88E9899F8392047A270B /* libPods.a */,
			);
			name = Frameworks;
			sourceTree = "<group>";
		};
		77BE409A581A0CB34B6D6F2B /* Pods */ = {
			isa = PBXGroup;
			children = (
				6A9AAD44955D9CD4CB169707 /* Pods.debug.xcconfig */,
				50B402B96FC5385531D4B87B /* Pods.release.xcconfig */,
			);
			name = Pods;
			sourceTree = "<group>";
		};
		983FB42B1CBE7CE500EEE75A /* Classes */ = {
			isa = PBXGroup;
			children = (
				9851589A1CBF9B5D0092BE84 /* HeadLine */,
				983FB42C1CBE7CE500EEE75A /* Home */,
				983FB4301CBE7CE500EEE75A /* LoopView */,
				983FB4341CBE7CE500EEE75A /* News */,
				983FB43B1CBE7CE500EEE75A /* Tools */,
			);
			path = Classes;
			sourceTree = "<group>";
		};
		983FB42C1CBE7CE500EEE75A /* Home */ = {
			isa = PBXGroup;
			children = (
				983FB42D1CBE7CE500EEE75A /* Controll */,
				983FB42E1CBE7CE500EEE75A /* Model */,
				983FB42F1CBE7CE500EEE75A /* View */,
			);
			path = Home;
			sourceTree = "<group>";
		};
		983FB42D1CBE7CE500EEE75A /* Controll */ = {
			isa = PBXGroup;
			children = (
			);
			path = Controll;
			sourceTree = "<group>";
		};
		983FB42E1CBE7CE500EEE75A /* Model */ = {
			isa = PBXGroup;
			children = (
			);
			path = Model;
			sourceTree = "<group>";
		};
		983FB42F1CBE7CE500EEE75A /* View */ = {
			isa = PBXGroup;
			children = (
			);
			path = View;
			sourceTree = "<group>";
		};
		983FB4301CBE7CE500EEE75A /* LoopView */ = {
			isa = PBXGroup;
			children = (
				985158BC1CBFD2480092BE84 /* YGLoopView.h */,
				985158BD1CBFD2480092BE84 /* YGLoopView.m */,
				985158BF1CBFDBCD0092BE84 /* YGFlowLayout.h */,
				985158C01CBFDBCD0092BE84 /* YGFlowLayout.m */,
				981901751CC0EBA1001CC215 /* YGLoopViewCell.h */,
				981901761CC0EBA1001CC215 /* YGLoopViewCell.m */,
			);
			path = LoopView;
			sourceTree = "<group>";
		};
		983FB4341CBE7CE500EEE75A /* News */ = {
			isa = PBXGroup;
			children = (
				983FB4351CBE7CE500EEE75A /* Controll */,
				983FB4391CBE7CE500EEE75A /* Model */,
				983FB43A1CBE7CE500EEE75A /* View */,
			);
			path = News;
			sourceTree = "<group>";
		};
		983FB4351CBE7CE500EEE75A /* Controll */ = {
			isa = PBXGroup;
			children = (
				983FB4361CBE7CE500EEE75A /* News.storyboard */,
				983FB4371CBE7CE500EEE75A /* YGNewsViewController.h */,
				983FB4381CBE7CE500EEE75A /* YGNewsViewController.m */,
			);
			path = Controll;
			sourceTree = "<group>";
		};
		983FB4391CBE7CE500EEE75A /* Model */ = {
			isa = PBXGroup;
			children = (
			);
			path = Model;
			sourceTree = "<group>";
		};
		983FB43A1CBE7CE500EEE75A /* View */ = {
			isa = PBXGroup;
			children = (
			);
			path = View;
			sourceTree = "<group>";
		};
		983FB43B1CBE7CE500EEE75A /* Tools */ = {
			isa = PBXGroup;
			children = (
				983FB43E1CBE7F8200EEE75A /* YGNetworkTools.h */,
				983FB43F1CBE7F8200EEE75A /* YGNetworkTools.m */,
			);
			path = Tools;
			sourceTree = "<group>";
		};
		9851589A1CBF9B5D0092BE84 /* HeadLine */ = {
			isa = PBXGroup;
			children = (
				9851589B1CBF9B5D0092BE84 /* Controll */,
				9851589C1CBF9B5D0092BE84 /* Model */,
				9851589F1CBF9B5D0092BE84 /* View */,
			);
			path = HeadLine;
			sourceTree = "<group>";
		};
		9851589B1CBF9B5D0092BE84 /* Controll */ = {
			isa = PBXGroup;
			children = (
				985158B71CBFD16B0092BE84 /* LoopView.storyboard */,
				985158B81CBFD16B0092BE84 /* YGHeadLineViewController.h */,
				985158B91CBFD16B0092BE84 /* YGHeadLineViewController.m */,
			);
			path = Controll;
			sourceTree = "<group>";
		};
		9851589C1CBF9B5D0092BE84 /* Model */ = {
			isa = PBXGroup;
			children = (
				9851589D1CBF9B5D0092BE84 /* YGHeadLine.h */,
				9851589E1CBF9B5D0092BE84 /* YGHeadLine.m */,
			);
			path = Model;
			sourceTree = "<group>";
		};
		9851589F1CBF9B5D0092BE84 /* View */ = {
			isa = PBXGroup;
			children = (
			);
			path = View;
			sourceTree = "<group>";
		};
		985158AE1CBFC61C0092BE84 /* Log-NSObject分类 */ = {
			isa = PBXGroup;
			children = (
				985158AF1CBFC61C0092BE84 /* NSObject+Log.h */,
				985158B01CBFC61C0092BE84 /* NSObject+Log.m */,
			);
			path = "Log-NSObject分类";
			sourceTree = "<group>";
		};
		987AB9931CBD292800FA87AF = {
			isa = PBXGroup;
			children = (
				987AB99E1CBD292800FA87AF /* 网易新闻 */,
				987AB99D1CBD292800FA87AF /* Products */,
				77BE409A581A0CB34B6D6F2B /* Pods */,
				34CE2859CC989E136D49F2BF /* Frameworks */,
			);
			sourceTree = "<group>";
		};
		987AB99D1CBD292800FA87AF /* Products */ = {
			isa = PBXGroup;
			children = (
				987AB99C1CBD292800FA87AF /* 网易新闻.app */,
			);
			name = Products;
			sourceTree = "<group>";
		};
		987AB99E1CBD292800FA87AF /* 网易新闻 */ = {
			isa = PBXGroup;
			children = (
				985158AE1CBFC61C0092BE84 /* Log-NSObject分类 */,
				987AB9A21CBD292800FA87AF /* AppDelegate.h */,
				987AB9A31CBD292800FA87AF /* AppDelegate.m */,
				983FB42B1CBE7CE500EEE75A /* Classes */,
				987AB9AB1CBD292800FA87AF /* Assets.xcassets */,
				987AB9AD1CBD292800FA87AF /* LaunchScreen.storyboard */,
				987AB9B01CBD292800FA87AF /* Info.plist */,
				987AB99F1CBD292800FA87AF /* Supporting Files */,
			);
			path = "网易新闻";
			sourceTree = "<group>";
		};
		987AB99F1CBD292800FA87AF /* Supporting Files */ = {
			isa = PBXGroup;
			children = (
				987AB9A01CBD292800FA87AF /* main.m */,
			);
			name = "Supporting Files";
			sourceTree = "<group>";
		};
/* End PBXGroup section */

/* Begin PBXNativeTarget section */
		987AB99B1CBD292800FA87AF /* 网易新闻 */ = {
			isa = PBXNativeTarget;
			buildConfigurationList = 987AB9B31CBD292800FA87AF /* Build configuration list for PBXNativeTarget "网易新闻" */;
			buildPhases = (
				DF5783532D4B6E669C1D9291 /* Check Pods Manifest.lock */,
				987AB9981CBD292800FA87AF /* Sources */,
				987AB9991CBD292800FA87AF /* Frameworks */,
				987AB99A1CBD292800FA87AF /* Resources */,
				1FA7C562882D46D2F2A9AF10 /* Embed Pods Frameworks */,
				D073A914CF4A2943B81260F1 /* Copy Pods Resources */,
			);
			buildRules = (
			);
			dependencies = (
			);
			name = "网易新闻";
			productName = "网易新闻";
			productReference = 987AB99C1CBD292800FA87AF /* 网易新闻.app */;
			productType = "com.apple.product-type.application";
		};
/* End PBXNativeTarget section */

/* Begin PBXProject section */
		987AB9941CBD292800FA87AF /* Project object */ = {
			isa = PBXProject;
			attributes = {
				CLASSPREFIX = YG;
				LastUpgradeCheck = 0700;
				ORGANIZATIONNAME = liyonggui;
				TargetAttributes = {
					987AB99B1CBD292800FA87AF = {
						CreatedOnToolsVersion = 7.0.1;
					};
				};
			};
			buildConfigurationList = 987AB9971CBD292800FA87AF /* Build configuration list for PBXProject "网易新闻" */;
			compatibilityVersion = "Xcode 3.2";
			developmentRegion = English;
			hasScannedForEncodings = 0;
			knownRegions = (
				en,
				Base,
			);
			mainGroup = 987AB9931CBD292800FA87AF;
			productRefGroup = 987AB99D1CBD292800FA87AF /* Products */;
			projectDirPath = "";
			projectRoot = "";
			targets = (
				987AB99B1CBD292800FA87AF /* 网易新闻 */,
			);
		};
/* End PBXProject section */

/* Begin PBXResourcesBuildPhase section */
		987AB99A1CBD292800FA87AF /* Resources */ = {
			isa = PBXResourcesBuildPhase;
			buildActionMask = 2147483647;
			files = (
				987AB9AF1CBD292800FA87AF /* LaunchScreen.storyboard in Resources */,
				983FB43C1CBE7CE500EEE75A /* News.storyboard in Resources */,
				987AB9AC1CBD292800FA87AF /* Assets.xcassets in Resources */,
				985158BA1CBFD16B0092BE84 /* LoopView.storyboard in Resources */,
			);
			runOnlyForDeploymentPostprocessing = 0;
		};
/* End PBXResourcesBuildPhase section */

/* Begin PBXShellScriptBuildPhase section */
		1FA7C562882D46D2F2A9AF10 /* Embed Pods Frameworks */ = {
			isa = PBXShellScriptBuildPhase;
			buildActionMask = 2147483647;
			files = (
			);
			inputPaths = (
			);
			name = "Embed Pods Frameworks";
			outputPaths = (
			);
			runOnlyForDeploymentPostprocessing = 0;
			shellPath = /bin/sh;
			shellScript = "\"${SRCROOT}/Pods/Target Support Files/Pods/Pods-frameworks.sh\"\n";
			showEnvVarsInLog = 0;
		};
		D073A914CF4A2943B81260F1 /* Copy Pods Resources */ = {
			isa = PBXShellScriptBuildPhase;
			buildActionMask = 2147483647;
			files = (
			);
			inputPaths = (
			);
			name = "Copy Pods Resources";
			outputPaths = (
			);
			runOnlyForDeploymentPostprocessing = 0;
			shellPath = /bin/sh;
			shellScript = "\"${SRCROOT}/Pods/Target Support Files/Pods/Pods-resources.sh\"\n";
			showEnvVarsInLog = 0;
		};
		DF5783532D4B6E669C1D9291 /* Check Pods Manifest.lock */ = {
			isa = PBXShellScriptBuildPhase;
			buildActionMask = 2147483647;
			files = (
			);
			inputPaths = (
			);
			name = "Check Pods Manifest.lock";
			outputPaths = (
			);
			runOnlyForDeploymentPostprocessing = 0;
			shellPath = /bin/sh;
			shellScript = "diff \"${PODS_ROOT}/../Podfile.lock\" \"${PODS_ROOT}/Manifest.lock\" > /dev/null\nif [[ $? != 0 ]] ; then\n    cat << EOM\nerror: The sandbox is not in sync with the Podfile.lock. Run 'pod install' or update your CocoaPods installation.\nEOM\n    exit 1\nfi\n";
			showEnvVarsInLog = 0;
		};
/* End PBXShellScriptBuildPhase section */

/* Begin PBXSourcesBuildPhase section */
		987AB9981CBD292800FA87AF /* Sources */ = {
			isa = PBXSourcesBuildPhase;
			buildActionMask = 2147483647;
			files = (
				985158C11CBFDBCD0092BE84 /* YGFlowLayout.m in Sources */,
				987AB9A41CBD292800FA87AF /* AppDelegate.m in Sources */,
				987AB9A11CBD292800FA87AF /* main.m in Sources */,
				983FB4401CBE7F8200EEE75A /* YGNetworkTools.m in Sources */,
				981901771CC0EBA1001CC215 /* YGLoopViewCell.m in Sources */,
				983FB43D1CBE7CE500EEE75A /* YGNewsViewController.m in Sources */,
				985158BE1CBFD2480092BE84 /* YGLoopView.m in Sources */,
				985158B11CBFC61C0092BE84 /* NSObject+Log.m in Sources */,
				985158BB1CBFD16B0092BE84 /* YGHeadLineViewController.m in Sources */,
				985158A01CBF9B5D0092BE84 /* YGHeadLine.m in Sources */,
			);
			runOnlyForDeploymentPostprocessing = 0;
		};
/* End PBXSourcesBuildPhase section */

/* Begin PBXVariantGroup section */
		987AB9AD1CBD292800FA87AF /* LaunchScreen.storyboard */ = {
			isa = PBXVariantGroup;
			children = (
				987AB9AE1CBD292800FA87AF /* Base */,
			);
			name = LaunchScreen.storyboard;
			sourceTree = "<group>";
		};
/* End PBXVariantGroup section */

/* Begin XCBuildConfiguration section */
		987AB9B11CBD292800FA87AF /* Debug */ = {
			isa = XCBuildConfiguration;
			buildSettings = {
				ALWAYS_SEARCH_USER_PATHS = NO;
				CLANG_CXX_LANGUAGE_STANDARD = "gnu++0x";
				CLANG_CXX_LIBRARY = "libc++";
				CLANG_ENABLE_MODULES = YES;
				CLANG_ENABLE_OBJC_ARC = YES;
				CLANG_WARN_BOOL_CONVERSION = YES;
				CLANG_WARN_CONSTANT_CONVERSION = YES;
				CLANG_WARN_DIRECT_OBJC_ISA_USAGE = YES_ERROR;
				CLANG_WARN_EMPTY_BODY = YES;
				CLANG_WARN_ENUM_CONVERSION = YES;
				CLANG_WARN_INT_CONVERSION = YES;
				CLANG_WARN_OBJC_ROOT_CLASS = YES_ERROR;
				CLANG_WARN_UNREACHABLE_CODE = YES;
				CLANG_WARN__DUPLICATE_METHOD_MATCH = YES;
				"CODE_SIGN_IDENTITY[sdk=iphoneos*]" = "iPhone Developer";
				COPY_PHASE_STRIP = NO;
				DEBUG_INFORMATION_FORMAT = dwarf;
				ENABLE_STRICT_OBJC_MSGSEND = YES;
				ENABLE_TESTABILITY = YES;
				GCC_C_LANGUAGE_STANDARD = gnu99;
				GCC_DYNAMIC_NO_PIC = NO;
				GCC_NO_COMMON_BLOCKS = YES;
				GCC_OPTIMIZATION_LEVEL = 0;
				GCC_PREPROCESSOR_DEFINITIONS = (
					"DEBUG=1",
					"$(inherited)",
				);
				GCC_WARN_64_TO_32_BIT_CONVERSION = YES;
				GCC_WARN_ABOUT_RETURN_TYPE = YES_ERROR;
				GCC_WARN_UNDECLARED_SELECTOR = YES;
				GCC_WARN_UNINITIALIZED_AUTOS = YES_AGGRESSIVE;
				GCC_WARN_UNUSED_FUNCTION = YES;
				GCC_WARN_UNUSED_VARIABLE = YES;
				IPHONEOS_DEPLOYMENT_TARGET = 9.0;
				MTL_ENABLE_DEBUG_INFO = YES;
				ONLY_ACTIVE_ARCH = YES;
				SDKROOT = iphoneos;
			};
			name = Debug;
		};
		987AB9B21CBD292800FA87AF /* Release */ = {
			isa = XCBuildConfiguration;
			buildSettings = {
				ALWAYS_SEARCH_USER_PATHS = NO;
				CLANG_CXX_LANGUAGE_STANDARD = "gnu++0x";
				CLANG_CXX_LIBRARY = "libc++";
				CLANG_ENABLE_MODULES = YES;
				CLANG_ENABLE_OBJC_ARC = YES;
				CLANG_WARN_BOOL_CONVERSION = YES;
				CLANG_WARN_CONSTANT_CONVERSION = YES;
				CLANG_WARN_DIRECT_OBJC_ISA_USAGE = YES_ERROR;
				CLANG_WARN_EMPTY_BODY = YES;
				CLANG_WARN_ENUM_CONVERSION = YES;
				CLANG_WARN_INT_CONVERSION = YES;
				CLANG_WARN_OBJC_ROOT_CLASS = YES_ERROR;
				CLANG_WARN_UNREACHABLE_CODE = YES;
				CLANG_WARN__DUPLICATE_METHOD_MATCH = YES;
				"CODE_SIGN_IDENTITY[sdk=iphoneos*]" = "iPhone Developer";
				COPY_PHASE_STRIP = NO;
				DEBUG_INFORMATION_FORMAT = "dwarf-with-dsym";
				ENABLE_NS_ASSERTIONS = NO;
				ENABLE_STRICT_OBJC_MSGSEND = YES;
				GCC_C_LANGUAGE_STANDARD = gnu99;
				GCC_NO_COMMON_BLOCKS = YES;
				GCC_WARN_64_TO_32_BIT_CONVERSION = YES;
				GCC_WARN_ABOUT_RETURN_TYPE = YES_ERROR;
				GCC_WARN_UNDECLARED_SELECTOR = YES;
				GCC_WARN_UNINITIALIZED_AUTOS = YES_AGGRESSIVE;
				GCC_WARN_UNUSED_FUNCTION = YES;
				GCC_WARN_UNUSED_VARIABLE = YES;
				IPHONEOS_DEPLOYMENT_TARGET = 9.0;
				MTL_ENABLE_DEBUG_INFO = NO;
				SDKROOT = iphoneos;
				VALIDATE_PRODUCT = YES;
			};
			name = Release;
		};
		987AB9B41CBD292800FA87AF /* Debug */ = {
			isa = XCBuildConfiguration;
			baseConfigurationReference = 6A9AAD44955D9CD4CB169707 /* Pods.debug.xcconfig */;
			buildSettings = {
				ASSETCATALOG_COMPILER_APPICON_NAME = AppIcon;
				INFOPLIST_FILE = "网易新闻/Info.plist";
				IPHONEOS_DEPLOYMENT_TARGET = 9.0;
				LD_RUNPATH_SEARCH_PATHS = "$(inherited) @executable_path/Frameworks";
				PRODUCT_BUNDLE_IDENTIFIER = "cn.itcast.----";
				PRODUCT_NAME = "$(TARGET_NAME)";
			};
			name = Debug;
		};
		987AB9B51CBD292800FA87AF /* Release */ = {
			isa = XCBuildConfiguration;
			baseConfigurationReference = 50B402B96FC5385531D4B87B /* Pods.release.xcconfig */;
			buildSettings = {
				ASSETCATALOG_COMPILER_APPICON_NAME = AppIcon;
				INFOPLIST_FILE = "网易新闻/Info.plist";
				IPHONEOS_DEPLOYMENT_TARGET = 9.0;
				LD_RUNPATH_SEARCH_PATHS = "$(inherited) @executable_path/Frameworks";
				PRODUCT_BUNDLE_IDENTIFIER = "cn.itcast.----";
				PRODUCT_NAME = "$(TARGET_NAME)";
			};
			name = Release;
		};
/* End XCBuildConfiguration section */

/* Begin XCConfigurationList section */
		987AB9971CBD292800FA87AF /* Build configuration list for PBXProject "网易新闻" */ = {
			isa = XCConfigurationList;
			buildConfigurations = (
				987AB9B11CBD292800FA87AF /* Debug */,
				987AB9B21CBD292800FA87AF /* Release */,
			);
			defaultConfigurationIsVisible = 0;
			defaultConfigurationName = Release;
		};
		987AB9B31CBD292800FA87AF /* Build configuration list for PBXNativeTarget "网易新闻" */ = {
			isa = XCConfigurationList;
			buildConfigurations = (
				987AB9B41CBD292800FA87AF /* Debug */,
				987AB9B51CBD292800FA87AF /* Release */,
			);
			defaultConfigurationIsVisible = 0;
			defaultConfigurationName = Release;
		};
/* End XCConfigurationList section */
	};
	rootObject = 987AB9941CBD292800FA87AF /* Project object */;
}
